
Microsoft Visual Studio Solution File, Format Version 12.00
# Visual Studio 14
VisualStudioVersion = 14.0.25420.1
MinimumVisualStudioVersion = 10.0.40219.1
Project("{FAE04EC0-301F-11D3-BF4B-00C04F79EFBC}") = "AndroidListView_CustomerAdapter", "AndroidListView_CustomerAdapter\AndroidListView_CustomerAdapter.csproj", "{5D8A0137-C46D-4FB6-83D1-71486EB53D9B}"
EndProject
Global
	GlobalSection(SolutionConfigurationPlatforms) = preSolution
		Debug|Any CPU = Debug|Any CPU
		Release|Any CPU = Release|Any CPU
	EndGlobalSection
	GlobalSection(ProjectConfigurationPlatforms) = postSolution
		{5D8A0137-C46D-4FB6-83D1-71486EB53D9B}.Debug|Any CPU.ActiveCfg = Debug|Any CPU
		{5D8A0137-C46D-4FB6-83D1-71486EB53D9B}.Debug|Any CPU.Build.0 = Debug|Any CPU
		{5D8A0137-C46D-4FB6-83D1-71486EB53D9B}.Debug|Any CPU.Deploy.0 = Debug|Any CPU
		{5D8A0137-C46D-4FB6-83D1-71486EB53D9B}.Release|Any CPU.ActiveCfg = Release|Any CPU
		{5D8A0137-C46D-4FB6-83D1-71486EB53D9B}.Release|Any CPU.Build.0 = Release|Any CPU
		{5D8A0137-C46D-4FB6-83D1-71486EB53D9B}.Release|Any CPU.Deploy.0 = Release|Any CPU
	EndGlobalSection
	GlobalSection(SolutionProperties) = preSolution
		HideSolutionNode = FALSE
	EndGlobalSection
EndGlobal
